// !$*UTF8*$!
{
	archiveVersion = 1;
	classes = {
	};
	objectVersion = 46;
	objects = {

/* Begin PBXBuildFile section */
		21914A861E28BCB40062CD81 /* RealmUtilityKit.framework in Frameworks */ = {isa = PBXBuildFile; fileRef = 21914A7C1E28BCB40062CD81 /* RealmUtilityKit.framework */; };
		21914A8B1E28BCB40062CD81 /* RealmUtilityKitTests.swift in Sources */ = {isa = PBXBuildFile; fileRef = 21914A8A1E28BCB40062CD81 /* RealmUtilityKitTests.swift */; };
		21914A8D1E28BCB40062CD81 /* RealmUtilityKit.h in Headers */ = {isa = PBXBuildFile; fileRef = 21914A7F1E28BCB40062CD81 /* RealmUtilityKit.h */; settings = {ATTRIBUTES = (Public, ); }; };
/* End PBXBuildFile section */

/* Begin PBXContainerItemProxy section */
		21914A871E28BCB40062CD81 /* PBXContainerItemProxy */ = {
			isa = PBXContainerItemProxy;
			containerPortal = 21914A731E28BCB40062CD81 /* Project object */;
			proxyType = 1;
			remoteGlobalIDString = 21914A7B1E28BCB40062CD81;
			remoteInfo = RealmUtilityKit;
		};
/* End PBXContainerItemProxy section */

/* Begin PBXFileReference section */
		21914A7C1E28BCB40062CD81 /* RealmUtilityKit.framework */ = {isa = PBXFileReference; explicitFileType = wrapper.framework; includeInIndex = 0; path = RealmUtilityKit.framework; sourceTree = BUILT_PRODUCTS_DIR; };
		21914A7F1E28BCB40062CD81 /* RealmUtilityKit.h */ = {isa = PBXFileReference; lastKnownFileType = sourcecode.c.h; path = RealmUtilityKit.h; sourceTree = "<group>"; };
		21914A801E28BCB40062CD81 /* Info.plist */ = {isa = PBXFileReference; lastKnownFileType = text.plist.xml; path = Info.plist; sourceTree = "<group>"; };
		21914A851E28BCB40062CD81 /* RealmUtilityKitTests.xctest */ = {isa = PBXFileReference; explicitFileType = wrapper.cfbundle; includeInIndex = 0; path = RealmUtilityKitTests.xctest; sourceTree = BUILT_PRODUCTS_DIR; };
		21914A8A1E28BCB40062CD81 /* RealmUtilityKitTests.swift */ = {isa = PBXFileReference; lastKnownFileType = sourcecode.swift; path = RealmUtilityKitTests.swift; sourceTree = "<group>"; };
		21914A8C1E28BCB40062CD81 /* Info.plist */ = {isa = PBXFileReference; lastKnownFileType = text.plist.xml; path = Info.plist; sourceTree = "<group>"; };
/* End PBXFileReference section */

/* Begin PBXFrameworksBuildPhase section */
		21914A781E28BCB40062CD81 /* Frameworks */ = {
			isa = PBXFrameworksBuildPhase;
			buildActionMask = 2147483647;
			files = (
			);
			runOnlyForDeploymentPostprocessing = 0;
		};
		21914A821E28BCB40062CD81 /* Frameworks */ = {
			isa = PBXFrameworksBuildPhase;
			buildActionMask = 2147483647;
			files = (
				21914A861E28BCB40062CD81 /* RealmUtilityKit.framework in Frameworks */,
			);
			runOnlyForDeploymentPostprocessing = 0;
		};
/* End PBXFrameworksBuildPhase section */

/* Begin PBXGroup section */
		21914A721E28BCB40062CD81 = {
			isa = PBXGroup;
			children = (
				21914A7E1E28BCB40062CD81 /* RealmUtilityKit */,
				21914A891E28BCB40062CD81 /* RealmUtilityKitTests */,
				21914A7D1E28BCB40062CD81 /* Products */,
			);
			sourceTree = "<group>";
		};
		21914A7D1E28BCB40062CD81 /* Products */ = {
			isa = PBXGroup;
			children = (
				21914A7C1E28BCB40062CD81 /* RealmUtilityKit.framework */,
				21914A851E28BCB40062CD81 /* RealmUtilityKitTests.xctest */,
			);
			name = Products;
			sourceTree = "<group>";
		};
		21914A7E1E28BCB40062CD81 /* RealmUtilityKit */ = {
			isa = PBXGroup;
			children = (
				21914A7F1E28BCB40062CD81 /* RealmUtilityKit.h */,
				21914A801E28BCB40062CD81 /* Info.plist */,
			);
			path = RealmUtilityKit;
			sourceTree = "<group>";
		};
		21914A891E28BCB40062CD81 /* RealmUtilityKitTests */ = {
			isa = PBXGroup;
			children = (
				21914A8A1E28BCB40062CD81 /* RealmUtilityKitTests.swift */,
				21914A8C1E28BCB40062CD81 /* Info.plist */,
			);
			path = RealmUtilityKitTests;
			sourceTree = "<group>";
		};
/* End PBXGroup section */

/* Begin PBXHeadersBuildPhase section */
		21914A791E28BCB40062CD81 /* Headers */ = {
			isa = PBXHeadersBuildPhase;
			buildActionMask = 2147483647;
			files = (
				21914A8D1E28BCB40062CD81 /* RealmUtilityKit.h in Headers */,
			);
			runOnlyForDeploymentPostprocessing = 0;
		};
/* End PBXHeadersBuildPhase section */

/* Begin PBXNativeTarget section */
		21914A7B1E28BCB40062CD81 /* RealmUtilityKit */ = {
			isa = PBXNativeTarget;
			buildConfigurationList = 21914A901E28BCB40062CD81 /* Build configuration list for PBXNativeTarget "RealmUtilityKit" */;
			buildPhases = (
				21914A771E28BCB40062CD81 /* Sources */,
				21914A781E28BCB40062CD81 /* Frameworks */,
				21914A791E28BCB40062CD81 /* Headers */,
				21914A7A1E28BCB40062CD81 /* Resources */,
			);
			buildRules = (
			);
			dependencies = (
			);
			name = RealmUtilityKit;
			productName = RealmUtilityKit;
			productReference = 21914A7C1E28BCB40062CD81 /* RealmUtilityKit.framework */;
			productType = "com.apple.product-type.framework";
		};
		21914A841E28BCB40062CD81 /* RealmUtilityKitTests */ = {
			isa = PBXNativeTarget;
			buildConfigurationList = 21914A931E28BCB40062CD81 /* Build configuration list for PBXNativeTarget "RealmUtilityKitTests" */;
			buildPhases = (
				21914A811E28BCB40062CD81 /* Sources */,
				21914A821E28BCB40062CD81 /* Frameworks */,
				21914A831E28BCB40062CD81 /* Resources */,
			);
			buildRules = (
			);
			dependencies = (
				21914A881E28BCB40062CD81 /* PBXTargetDependency */,
			);
			name = RealmUtilityKitTests;
			productName = RealmUtilityKitTests;
			productReference = 21914A851E28BCB40062CD81 /* RealmUtilityKitTests.xctest */;
			productType = "com.apple.product-type.bundle.unit-test";
		};
/* End PBXNativeTarget section */

/* Begin PBXProject section */
		21914A731E28BCB40062CD81 /* Project object */ = {
			isa = PBXProject;
			attributes = {
				LastSwiftUpdateCheck = 0820;
				LastUpgradeCheck = 0820;
				TargetAttributes = {
					21914A7B1E28BCB40062CD81 = {
						CreatedOnToolsVersion = 8.2.1;
						DevelopmentTeam = CRP7G7R842;
						ProvisioningStyle = Automatic;
					};
					21914A841E28BCB40062CD81 = {
						CreatedOnToolsVersion = 8.2.1;
						DevelopmentTeam = CRP7G7R842;
						ProvisioningStyle = Automatic;
					};
				};
			};
			buildConfigurationList = 21914A761E28BCB40062CD81 /* Build configuration list for PBXProject "RealmUtilityKit" */;
			compatibilityVersion = "Xcode 3.2";
			developmentRegion = English;
			hasScannedForEncodings = 0;
			knownRegions = (
				en,
			);
			mainGroup = 21914A721E28BCB40062CD81;
			productRefGroup = 21914A7D1E28BCB40062CD81 /* Products */;
			projectDirPath = "";
			projectRoot = "";
			targets = (
				21914A7B1E28BCB40062CD81 /* RealmUtilityKit */,
				21914A841E28BCB40062CD81 /* RealmUtilityKitTests */,
			);
		};
/* End PBXProject section */

/* Begin PBXResourcesBuildPhase section */
		21914A7A1E28BCB40062CD81 /* Resources */ = {
			isa = PBXResourcesBuildPhase;
			buildActionMask = 2147483647;
			files = (
			);
			runOnlyForDeploymentPostprocessing = 0;
		};
		21914A831E28BCB40062CD81 /* Resources */ = {
			isa = PBXResourcesBuildPhase;
			buildActionMask = 2147483647;
			files = (
			);
			runOnlyForDeploymentPostprocessing = 0;
		};
/* End PBXResourcesBuildPhase section */

/* Begin PBXSourcesBuildPhase section */
		21914A771E28BCB40062CD81 /* Sources */ = {
			isa = PBXSourcesBuildPhase;
			buildActionMask = 2147483647;
			files = (
			);
			runOnlyForDeploymentPostprocessing = 0;
		};
		21914A811E28BCB40062CD81 /* Sources */ = {
			isa = PBXSourcesBuildPhase;
			buildActionMask = 2147483647;
			files = (
				21914A8B1E28BCB40062CD81 /* RealmUtilityKitTests.swift in Sources */,
			);
			runOnlyForDeploymentPostprocessing = 0;
		};
/* End PBXSourcesBuildPhase section */

/* Begin PBXTargetDependency section */
		21914A881E28BCB40062CD81 /* PBXTargetDependency */ = {
			isa = PBXTargetDependency;
			target = 21914A7B1E28BCB40062CD81 /* RealmUtilityKit */;
			targetProxy = 21914A871E28BCB40062CD81 /* PBXContainerItemProxy */;
		};
/* End PBXTargetDependency section */

/* Begin XCBuildConfiguration section */
		21914A8E1E28BCB40062CD81 /* Debug */ = {
			isa = XCBuildConfiguration;
			buildSettings = {
				ALWAYS_SEARCH_USER_PATHS = NO;
				CLANG_ANALYZER_NONNULL = YES;
				CLANG_CXX_LANGUAGE_STANDARD = "gnu++0x";
				CLANG_CXX_LIBRARY = "libc++";
				CLANG_ENABLE_MODULES = YES;
				CLANG_ENABLE_OBJC_ARC = YES;
				CLANG_WARN_BOOL_CONVERSION = YES;
				CLANG_WARN_CONSTANT_CONVERSION = YES;
				CLANG_WARN_DIRECT_OBJC_ISA_USAGE = YES_ERROR;
				CLANG_WARN_DOCUMENTATION_COMMENTS = YES;
				CLANG_WARN_EMPTY_BODY = YES;
				CLANG_WARN_ENUM_CONVERSION = YES;
				CLANG_WARN_INFINITE_RECURSION = YES;
				CLANG_WARN_INT_CONVERSION = YES;
				CLANG_WARN_OBJC_ROOT_CLASS = YES_ERROR;
				CLANG_WARN_SUSPICIOUS_MOVE = YES;
				CLANG_WARN_UNREACHABLE_CODE = YES;
				CLANG_WARN__DUPLICATE_METHOD_MATCH = YES;
				"CODE_SIGN_IDENTITY[sdk=iphoneos*]" = "iPhone Developer";
				COPY_PHASE_STRIP = NO;
				CURRENT_PROJECT_VERSION = 1;
				DEBUG_INFORMATION_FORMAT = dwarf;
				ENABLE_STRICT_OBJC_MSGSEND = YES;
				ENABLE_TESTABILITY = YES;
				GCC_C_LANGUAGE_STANDARD = gnu99;
				GCC_DYNAMIC_NO_PIC = NO;
				GCC_NO_COMMON_BLOCKS = YES;
				GCC_OPTIMIZATION_LEVEL = 0;
				GCC_PREPROCESSOR_DEFINITIONS = (
					"DEBUG=1",
					"$(inherited)",
				);
				GCC_WARN_64_TO_32_BIT_CONVERSION = YES;
				GCC_WARN_ABOUT_RETURN_TYPE = YES_ERROR;
				GCC_WARN_UNDECLARED_SELECTOR = YES;
				GCC_WARN_UNINITIALIZED_AUTOS = YES_AGGRESSIVE;
				GCC_WARN_UNUSED_FUNCTION = YES;
				GCC_WARN_UNUSED_VARIABLE = YES;
				IPHONEOS_DEPLOYMENT_TARGET = 10.2;
				MTL_ENABLE_DEBUG_INFO = YES;
				ONLY_ACTIVE_ARCH = YES;
				SDKROOT = iphoneos;
				SWIFT_ACTIVE_COMPILATION_CONDITIONS = DEBUG;
				SWIFT_OPTIMIZATION_LEVEL = "-Onone";
				TARGETED_DEVICE_FAMILY = "1,2";
				VERSIONING_SYSTEM = "apple-generic";
				VERSION_INFO_PREFIX = "";
			};
			name = Debug;
		};
		21914A8F1E28BCB40062CD81 /* Release */ = {
			isa = XCBuildConfiguration;
			buildSettings = {
				ALWAYS_SEARCH_USER_PATHS = NO;
				CLANG_ANALYZER_NONNULL = YES;
				CLANG_CXX_LANGUAGE_STANDARD = "gnu++0x";
				CLANG_CXX_LIBRARY = "libc++";
				CLANG_ENABLE_MODULES = YES;
				CLANG_ENABLE_OBJC_ARC = YES;
				CLANG_WARN_BOOL_CONVERSION = YES;
				CLANG_WARN_CONSTANT_CONVERSION = YES;
				CLANG_WARN_DIRECT_OBJC_ISA_USAGE = YES_ERROR;
				CLANG_WARN_DOCUMENTATION_COMMENTS = YES;
				CLANG_WARN_EMPTY_BODY = YES;
				CLANG_WARN_ENUM_CONVERSION = YES;
				CLANG_WARN_INFINITE_RECURSION = YES;
				CLANG_WARN_INT_CONVERSION = YES;
				CLANG_WARN_OBJC_ROOT_CLASS = YES_ERROR;
				CLANG_WARN_SUSPICIOUS_MOVE = YES;
				CLANG_WARN_UNREACHABLE_CODE = YES;
				CLANG_WARN__DUPLICATE_METHOD_MATCH = YES;
				"CODE_SIGN_IDENTITY[sdk=iphoneos*]" = "iPhone Developer";
				COPY_PHASE_STRIP = NO;
				CURRENT_PROJECT_VERSION = 1;
				DEBUG_INFORMATION_FORMAT = "dwarf-with-dsym";
				ENABLE_NS_ASSERTIONS = NO;
				ENABLE_STRICT_OBJC_MSGSEND = YES;
				GCC_C_LANGUAGE_STANDARD = gnu99;
				GCC_NO_COMMON_BLOCKS = YES;
				GCC_WARN_64_TO_32_BIT_CONVERSION = YES;
				GCC_WARN_ABOUT_RETURN_TYPE = YES_ERROR;
				GCC_WARN_UNDECLARED_SELECTOR = YES;
				GCC_WARN_UNINITIALIZED_AUTOS = YES_AGGRESSIVE;
				GCC_WARN_UNUSED_FUNCTION = YES;
				GCC_WARN_UNUSED_VARIABLE = YES;
				IPHONEOS_DEPLOYMENT_TARGET = 10.2;
				MTL_ENABLE_DEBUG_INFO = NO;
				SDKROOT = iphoneos;
				SWIFT_OPTIMIZATION_LEVEL = "-Owholemodule";
				TARGETED_DEVICE_FAMILY = "1,2";
				VALIDATE_PRODUCT = YES;
				VERSIONING_SYSTEM = "apple-generic";
				VERSION_INFO_PREFIX = "";
			};
			name = Release;
		};
		21914A911E28BCB40062CD81 /* Debug */ = {
			isa = XCBuildConfiguration;
			buildSettings = {
				CODE_SIGN_IDENTITY = "";
				DEFINES_MODULE = YES;
				DEVELOPMENT_TEAM = CRP7G7R842;
				DYLIB_COMPATIBILITY_VERSION = 1;
				DYLIB_CURRENT_VERSION = 1;
				DYLIB_INSTALL_NAME_BASE = "@rpath";
				INFOPLIST_FILE = RealmUtilityKit/Info.plist;
				INSTALL_PATH = "$(LOCAL_LIBRARY_DIR)/Frameworks";
				LD_RUNPATH_SEARCH_PATHS = "$(inherited) @executable_path/Frameworks @loader_path/Frameworks";
				PRODUCT_BUNDLE_IDENTIFIER = info.roothy.RealmUtilityKit;
				PRODUCT_NAME = "$(TARGET_NAME)";
				SKIP_INSTALL = YES;
				SWIFT_VERSION = 3.0;
			};
			name = Debug;
		};
		21914A921E28BCB40062CD81 /* Release */ = {
			isa = XCBuildConfiguration;
			buildSettings = {
				CODE_SIGN_IDENTITY = "";
				DEFINES_MODULE = YES;
				DEVELOPMENT_TEAM = CRP7G7R842;
				DYLIB_COMPATIBILITY_VERSION = 1;
				DYLIB_CURRENT_VERSION = 1;
				DYLIB_INSTALL_NAME_BASE = "@rpath";
				INFOPLIST_FILE = RealmUtilityKit/Info.plist;
				INSTALL_PATH = "$(LOCAL_LIBRARY_DIR)/Frameworks";
				LD_RUNPATH_SEARCH_PATHS = "$(inherited) @executable_path/Frameworks @loader_path/Frameworks";
				PRODUCT_BUNDLE_IDENTIFIER = info.roothy.RealmUtilityKit;
				PRODUCT_NAME = "$(TARGET_NAME)";
				SKIP_INSTALL = YES;
				SWIFT_VERSION = 3.0;
			};
			name = Release;
		};
		21914A941E28BCB40062CD81 /* Debug */ = {
			isa = XCBuildConfiguration;
			buildSettings = {
				DEVELOPMENT_TEAM = CRP7G7R842;
				INFOPLIST_FILE = RealmUtilityKitTests/Info.plist;
				LD_RUNPATH_SEARCH_PATHS = "$(inherited) @executable_path/Frameworks @loader_path/Frameworks";
				PRODUCT_BUNDLE_IDENTIFIER = info.roothy.RealmUtilityKitTests;
				PRODUCT_NAME = "$(TARGET_NAME)";
				SWIFT_VERSION = 3.0;
			};
			name = Debug;
		};
		21914A951E28BCB40062CD81 /* Release */ = {
			isa = XCBuildConfiguration;
			buildSettings = {
				DEVELOPMENT_TEAM = CRP7G7R842;
				INFOPLIST_FILE = RealmUtilityKitTests/Info.plist;
				LD_RUNPATH_SEARCH_PATHS = "$(inherited) @executable_path/Frameworks @loader_path/Frameworks";
				PRODUCT_BUNDLE_IDENTIFIER = info.roothy.RealmUtilityKitTests;
				PRODUCT_NAME = "$(TARGET_NAME)";
				SWIFT_VERSION = 3.0;
			};
			name = Release;
		};
/* End XCBuildConfiguration section */

/* Begin XCConfigurationList section */
		21914A761E28BCB40062CD81 /* Build configuration list for PBXProject "RealmUtilityKit" */ = {
			isa = XCConfigurationList;
			buildConfigurations = (
				21914A8E1E28BCB40062CD81 /* Debug */,
				21914A8F1E28BCB40062CD81 /* Release */,
			);
			defaultConfigurationIsVisible = 0;
			defaultConfigurationName = Release;
		};
		21914A901E28BCB40062CD81 /* Build configuration list for PBXNativeTarget "RealmUtilityKit" */ = {
			isa = XCConfigurationList;
			buildConfigurations = (
				21914A911E28BCB40062CD81 /* Debug */,
				21914A921E28BCB40062CD81 /* Release */,
			);
			defaultConfigurationIsVisible = 0;
		};
		21914A931E28BCB40062CD81 /* Build configuration list for PBXNativeTarget "RealmUtilityKitTests" */ = {
			isa = XCConfigurationList;
			buildConfigurations = (
				21914A941E28BCB40062CD81 /* Debug */,
				21914A951E28BCB40062CD81 /* Release */,
			);
			defaultConfigurationIsVisible = 0;
		};
/* End XCConfigurationList section */
	};
	rootObject = 21914A731E28BCB40062CD81 /* Project object */;
}
